Microsoft Visual Studio Solution File, Format Version 12.00
# Visual Studio Version 16
VisualStudioVersion = 16.0.33214.272
MinimumVisualStudioVersion = 10.0.40219.1
Project("{FAE04EC0-301F-11D3-BF4B-00C04F79EFBC}") = "GetBankNameLibrary", "GetBankNameLibrary\GetBankNameLibrary.csproj", "{E4211365-A1EF-41D5-BB95-C53F0AFB64F4}"
EndProject
Project("{FAE04EC0-301F-11D3-BF4B-00C04F79EFBC}") = "LaunchGetBankName", "LaunchGetBankName\LaunchGetBankName.csproj", "{F51F9915-3693-454D-8C42-BB266326AA03}"
EndProject
Global
	GlobalSection(SolutionConfigurationPlatforms) = preSolution
		Debug|Any CPU = Debug|Any CPU
		Release|Any CPU = Release|Any CPU
	EndGlobalSection
	GlobalSection(ProjectConfigurationPlatforms) = postSolution
		{E4211365-A1EF-41D5-BB95-C53F0AFB64F4}.Debug|Any CPU.ActiveCfg = Debug|Any CPU
		{E4211365-A1EF-41D5-BB95-C53F0AFB64F4}.Debug|Any CPU.Build.0 = Debug|Any CPU
		{E4211365-A1EF-41D5-BB95-C53F0AFB64F4}.Release|Any CPU.ActiveCfg = Release|Any CPU
		{E4211365-A1EF-41D5-BB95-C53F0AFB64F4}.Release|Any CPU.Build.0 = Release|Any CPU
		{F51F9915-3693-454D-8C42-BB266326AA03}.Debug|Any CPU.ActiveCfg = Debug|Any CPU
		{F51F9915-3693-454D-8C42-BB266326AA03}.Debug|Any CPU.Build.0 = Debug|Any CPU
		{F51F9915-3693-454D-8C42-BB266326AA03}.Release|Any CPU.ActiveCfg = Release|Any CPU
		{F51F9915-3693-454D-8C42-BB266326AA03}.Release|Any CPU.Build.0 = Release|Any CPU
	EndGlobalSection
	GlobalSection(SolutionProperties) = preSolution
		HideSolutionNode = FALSE
	EndGlobalSection
	GlobalSection(ExtensibilityGlobals) = postSolution
		SolutionGuid = {E655CB0C-9DDA-4E9A-B4AF-7780E9CE3E26}
	EndGlobalSection
EndGlobal
